
Microsoft Visual Studio Solution File, Format Version 12.00
# Visual Studio Version 16
VisualStudioVersion = 16.0.30104.148
MinimumVisualStudioVersion = 10.0.40219.1
Project("{F184B08F-C81C-45F6-A57F-5ABD9991F28F}") = "ExamenEntornos", "ExamenEntornos.vbproj", "{17C11E63-38B2-41D2-A221-E62B76EEF334}"
EndProject
Global
	GlobalSection(SolutionConfigurationPlatforms) = preSolution
		Debug|Any CPU = Debug|Any CPU
		Release|Any CPU = Release|Any CPU
	EndGlobalSection
	GlobalSection(ProjectConfigurationPlatforms) = postSolution
		{17C11E63-38B2-41D2-A221-E62B76EEF334}.Debug|Any CPU.ActiveCfg = Debug|Any CPU
		{17C11E63-38B2-41D2-A221-E62B76EEF334}.Debug|Any CPU.Build.0 = Debug|Any CPU
		{17C11E63-38B2-41D2-A221-E62B76EEF334}.Release|Any CPU.ActiveCfg = Release|Any CPU
		{17C11E63-38B2-41D2-A221-E62B76EEF334}.Release|Any CPU.Build.0 = Release|Any CPU
	EndGlobalSection
	GlobalSection(SolutionProperties) = preSolution
		HideSolutionNode = FALSE
	EndGlobalSection
	GlobalSection(ExtensibilityGlobals) = postSolution
		SolutionGuid = {951BE713-AD93-43AD-93AB-00DE92082227}
	EndGlobalSection
EndGlobal
